
Microsoft Visual Studio Solution File, Format Version 12.00
# Visual Studio Version 17
VisualStudioVersion = 17.13.35931.197
MinimumVisualStudioVersion = 10.0.40219.1
Project("{FAE04EC0-301F-11D3-BF4B-00C04F79EFBC}") = "BlazorApp", "BlazorApp\BlazorApp.csproj", "{5484A556-C9B8-4C12-8D61-44A72BCC8014}"
EndProject
Project("{FAE04EC0-301F-11D3-BF4B-00C04F79EFBC}") = "BlazorAppWasm", "BlazorAppWasm\BlazorAppWasm.csproj", "{6DBBB958-E7C4-4CDE-A2CD-7189C7844109}"
EndProject
Global
	GlobalSection(SolutionConfigurationPlatforms) = preSolution
		Debug|Any CPU = Debug|Any CPU
		Release|Any CPU = Release|Any CPU
	EndGlobalSection
	GlobalSection(ProjectConfigurationPlatforms) = postSolution
		{5484A556-C9B8-4C12-8D61-44A72BCC8014}.Debug|Any CPU.ActiveCfg = Debug|Any CPU
		{5484A556-C9B8-4C12-8D61-44A72BCC8014}.Debug|Any CPU.Build.0 = Debug|Any CPU
		{5484A556-C9B8-4C12-8D61-44A72BCC8014}.Release|Any CPU.ActiveCfg = Release|Any CPU
		{5484A556-C9B8-4C12-8D61-44A72BCC8014}.Release|Any CPU.Build.0 = Release|Any CPU
		{6DBBB958-E7C4-4CDE-A2CD-7189C7844109}.Debug|Any CPU.ActiveCfg = Debug|Any CPU
		{6DBBB958-E7C4-4CDE-A2CD-7189C7844109}.Debug|Any CPU.Build.0 = Debug|Any CPU
		{6DBBB958-E7C4-4CDE-A2CD-7189C7844109}.Release|Any CPU.ActiveCfg = Release|Any CPU
		{6DBBB958-E7C4-4CDE-A2CD-7189C7844109}.Release|Any CPU.Build.0 = Release|Any CPU
	EndGlobalSection
	GlobalSection(SolutionProperties) = preSolution
		HideSolutionNode = FALSE
	EndGlobalSection
	GlobalSection(ExtensibilityGlobals) = postSolution
		SolutionGuid = {2168DE95-3475-4521-8260-AE26FD3DAEBE}
	EndGlobalSection
EndGlobal
